
Microsoft Visual Studio Solution File, Format Version 12.00
# Visual Studio Version 16
VisualStudioVersion = 16.0.30611.23
MinimumVisualStudioVersion = 10.0.40219.1
Project("{FAE04EC0-301F-11D3-BF4B-00C04F79EFBC}") = "WpfApp1", "WpfApp1\WpfApp1.csproj", "{46B35967-CCA9-463D-9BE2-EFC263E89640}"
EndProject
Global
	GlobalSection(SolutionConfigurationPlatforms) = preSolution
		Debug|Any CPU = Debug|Any CPU
		Release|Any CPU = Release|Any CPU
	EndGlobalSection
	GlobalSection(ProjectConfigurationPlatforms) = postSolution
		{46B35967-CCA9-463D-9BE2-EFC263E89640}.Debug|Any CPU.ActiveCfg = Debug|Any CPU
		{46B35967-CCA9-463D-9BE2-EFC263E89640}.Debug|Any CPU.Build.0 = Debug|Any CPU
		{46B35967-CCA9-463D-9BE2-EFC263E89640}.Release|Any CPU.ActiveCfg = Release|Any CPU
		{46B35967-CCA9-463D-9BE2-EFC263E89640}.Release|Any CPU.Build.0 = Release|Any CPU
	EndGlobalSection
	GlobalSection(SolutionProperties) = preSolution
		HideSolutionNode = FALSE
	EndGlobalSection
	GlobalSection(ExtensibilityGlobals) = postSolution
		SolutionGuid = {632A3993-E2FE-4B1B-92C8-96947B72787C}
	EndGlobalSection
EndGlobal
